{
  "version": 4,
  "terraform_version": "1.7.0",
  "serial": 7,
  "lineage": "eeba23ea-75b8-6650-8fa5-af78ace14505",
  "outputs": {
    "cluster_name": {
      "value": "todo-app-cluster",
      "type": "string"
    },
    "resource_group_name": {
      "value": "todo-app-rg",
      "type": "string"
    }
  },
  "resources": [
    {
      "mode": "managed",
      "type": "azurerm_resource_group",
      "name": "rg",
      "provider": "provider[\"registry.terraform.io/hashicorp/azurerm\"]",
      "instances": [
        {
          "schema_version": 0,
          "attributes": {
            "id": "/subscriptions/318d8da1-1a66-45e0-bec3-7f48665a810b/resourceGroups/todo-app-rg",
            "location": "eastus",
            "managed_by": "",
            "name": "todo-app-rg",
            "tags": {},
            "timeouts": null
          },
          "sensitive_attributes": [],
          "private": "eyJlMmJmYjczMC1lY2FhLTExZTYtOGY4OC0zNDM2M2JjN2M0YzAiOnsiY3JlYXRlIjo1NDAwMDAwMDAwMDAwLCJkZWxldGUiOjU0MDAwMDAwMDAwMDAsInJlYWQiOjMwMDAwMDAwMDAwMCwidXBkYXRlIjo1NDAwMDAwMDAwMDAwfX0="
        }
      ]
    }
  ],
  "check_results": null
}
